dependencies:
- name: cluster
  repository: https://giantswarm.github.io/cluster-catalog
  version: 2.2.1
- name: cluster-shared
  repository: https://giantswarm.github.io/cluster-catalog
  version: 0.7.1
digest: sha256:18f2aaef398efd76188accc80c6f2db8b57d0cda4ec7608ce380ba8e702173c6
generated: "2025-05-21T19:44:32.12421+02:00"
