dependencies:
- name: cluster
  repository: https://giantswarm.github.io/cluster-catalog
  version: 4.0.3
- name: cluster-shared
  repository: https://giantswarm.github.io/cluster-catalog
  version: 0.7.1
digest: sha256:559c11fdcb5fc1a8fab8c91259a6ed0767572549f4ad20649bee9624baf8fcd5
generated: "2025-10-10T15:55:28.946773+02:00"
